
Microsoft Visual Studio Solution File, Format Version 12.00
# Visual Studio Version 17
Project("{8BC9CEB8-8B4A-11D0-8D11-00A0C91BC942}") = "ALL_BUILD", "ALL_BUILD.vcxproj", "{F644BC03-A294-3E7A-8B5E-602676A637D8}"
	ProjectSection(ProjectDependencies) = postProject
		{53DABB1E-E820-3B62-ACA0-9007C21A410B} = {53DABB1E-E820-3B62-ACA0-9007C21A410B}
		{4B0BF261-7E6E-3400-9873-ED03C76AE8F3} = {4B0BF261-7E6E-3400-9873-ED03C76AE8F3}
	EndProjectSection
EndProject
Project("{8BC9CEB8-8B4A-11D0-8D11-00A0C91BC942}") = "ZERO_CHECK", "ZERO_CHECK.vcxproj", "{53DABB1E-E820-3B62-ACA0-9007C21A410B}"
	ProjectSection(ProjectDependencies) = postProject
	EndProjectSection
EndProject
Project("{8BC9CEB8-8B4A-11D0-8D11-00A0C91BC942}") = "pvz", "pvz.vcxproj", "{4B0BF261-7E6E-3400-9873-ED03C76AE8F3}"
	ProjectSection(ProjectDependencies) = postProject
		{53DABB1E-E820-3B62-ACA0-9007C21A410B} = {53DABB1E-E820-3B62-ACA0-9007C21A410B}
	EndProjectSection
EndProject
Global
	GlobalSection(SolutionConfigurationPlatforms) = preSolution
		Debug|x64 = Debug|x64
		Release|x64 = Release|x64
		MinSizeRel|x64 = MinSizeRel|x64
		RelWithDebInfo|x64 = RelWithDebInfo|x64
	EndGlobalSection
	GlobalSection(ProjectConfigurationPlatforms) = postSolution
		{F644BC03-A294-3E7A-8B5E-602676A637D8}.Debug|x64.ActiveCfg = Debug|x64
		{F644BC03-A294-3E7A-8B5E-602676A637D8}.Release|x64.ActiveCfg = Release|x64
		{F644BC03-A294-3E7A-8B5E-602676A637D8}.MinSizeRel|x64.ActiveCfg = MinSizeRel|x64
		{F644BC03-A294-3E7A-8B5E-602676A637D8}.RelWithDebInfo|x64.ActiveCfg = RelWithDebInfo|x64
		{53DABB1E-E820-3B62-ACA0-9007C21A410B}.Debug|x64.ActiveCfg = Debug|x64
		{53DABB1E-E820-3B62-ACA0-9007C21A410B}.Debug|x64.Build.0 = Debug|x64
		{53DABB1E-E820-3B62-ACA0-9007C21A410B}.Release|x64.ActiveCfg = Release|x64
		{53DABB1E-E820-3B62-ACA0-9007C21A410B}.Release|x64.Build.0 = Release|x64
		{53DABB1E-E820-3B62-ACA0-9007C21A410B}.MinSizeRel|x64.ActiveCfg = MinSizeRel|x64
		{53DABB1E-E820-3B62-ACA0-9007C21A410B}.MinSizeRel|x64.Build.0 = MinSizeRel|x64
		{53DABB1E-E820-3B62-ACA0-9007C21A410B}.RelWithDebInfo|x64.ActiveCfg = RelWithDebInfo|x64
		{53DABB1E-E820-3B62-ACA0-9007C21A410B}.RelWithDebInfo|x64.Build.0 = RelWithDebInfo|x64
		{4B0BF261-7E6E-3400-9873-ED03C76AE8F3}.Debug|x64.ActiveCfg = Debug|x64
		{4B0BF261-7E6E-3400-9873-ED03C76AE8F3}.Debug|x64.Build.0 = Debug|x64
		{4B0BF261-7E6E-3400-9873-ED03C76AE8F3}.Release|x64.ActiveCfg = Release|x64
		{4B0BF261-7E6E-3400-9873-ED03C76AE8F3}.Release|x64.Build.0 = Release|x64
		{4B0BF261-7E6E-3400-9873-ED03C76AE8F3}.MinSizeRel|x64.ActiveCfg = MinSizeRel|x64
		{4B0BF261-7E6E-3400-9873-ED03C76AE8F3}.MinSizeRel|x64.Build.0 = MinSizeRel|x64
		{4B0BF261-7E6E-3400-9873-ED03C76AE8F3}.RelWithDebInfo|x64.ActiveCfg = RelWithDebInfo|x64
		{4B0BF261-7E6E-3400-9873-ED03C76AE8F3}.RelWithDebInfo|x64.Build.0 = RelWithDebInfo|x64
	EndGlobalSection
	GlobalSection(ExtensibilityGlobals) = postSolution
		SolutionGuid = {F15E74B7-5F39-3F03-BF1C-CFB0D836DAE3}
	EndGlobalSection
	GlobalSection(ExtensibilityAddIns) = postSolution
	EndGlobalSection
EndGlobal
